
Microsoft Visual Studio Solution File, Format Version 12.00
# Visual Studio 15
VisualStudioVersion = 15.0.27703.2000
MinimumVisualStudioVersion = 10.0.40219.1
Project("{FAE04EC0-301F-11D3-BF4B-00C04F79EFBC}") = "multiplosDe3", "multiplosDe3\multiplosDe3.csproj", "{2BAC0D49-CC56-42C9-A79F-5B2D518EB8BD}"
EndProject
Global
	GlobalSection(SolutionConfigurationPlatforms) = preSolution
		Debug|Any CPU = Debug|Any CPU
		Release|Any CPU = Release|Any CPU
	EndGlobalSection
	GlobalSection(ProjectConfigurationPlatforms) = postSolution
		{2BAC0D49-CC56-42C9-A79F-5B2D518EB8BD}.Debug|Any CPU.ActiveCfg = Debug|Any CPU
		{2BAC0D49-CC56-42C9-A79F-5B2D518EB8BD}.Debug|Any CPU.Build.0 = Debug|Any CPU
		{2BAC0D49-CC56-42C9-A79F-5B2D518EB8BD}.Release|Any CPU.ActiveCfg = Release|Any CPU
		{2BAC0D49-CC56-42C9-A79F-5B2D518EB8BD}.Release|Any CPU.Build.0 = Release|Any CPU
	EndGlobalSection
	GlobalSection(SolutionProperties) = preSolution
		HideSolutionNode = FALSE
	EndGlobalSection
	GlobalSection(ExtensibilityGlobals) = postSolution
		SolutionGuid = {9CA5FD59-5167-41BD-B393-7DF761C35939}
	EndGlobalSection
EndGlobal
