
Microsoft Visual Studio Solution File, Format Version 12.00
# Visual Studio 15
VisualStudioVersion = 15.0.27703.2000
MinimumVisualStudioVersion = 10.0.40219.1
Project("{FAE04EC0-301F-11D3-BF4B-00C04F79EFBC}") = "WebApplication1", "WebApplication1\WebApplication1.csproj", "{D930F341-6B83-4511-B6AC-353B4694E36E}"
EndProject
Global
	GlobalSection(SolutionConfigurationPlatforms) = preSolution
		Debug|Any CPU = Debug|Any CPU
		Release|Any CPU = Release|Any CPU
	EndGlobalSection
	GlobalSection(ProjectConfigurationPlatforms) = postSolution
		{D930F341-6B83-4511-B6AC-353B4694E36E}.Debug|Any CPU.ActiveCfg = Debug|Any CPU
		{D930F341-6B83-4511-B6AC-353B4694E36E}.Debug|Any CPU.Build.0 = Debug|Any CPU
		{D930F341-6B83-4511-B6AC-353B4694E36E}.Release|Any CPU.ActiveCfg = Release|Any CPU
		{D930F341-6B83-4511-B6AC-353B4694E36E}.Release|Any CPU.Build.0 = Release|Any CPU
	EndGlobalSection
	GlobalSection(SolutionProperties) = preSolution
		HideSolutionNode = FALSE
	EndGlobalSection
	GlobalSection(ExtensibilityGlobals) = postSolution
		SolutionGuid = {6572D28B-013F-42DE-AD9E-7D184B67E82C}
	EndGlobalSection
EndGlobal
