
Microsoft Visual Studio Solution File, Format Version 12.00
# Visual Studio 15
VisualStudioVersion = 15.0.27703.2000
MinimumVisualStudioVersion = 10.0.40219.1
Project("{FAE04EC0-301F-11D3-BF4B-00C04F79EFBC}") = "DesignPatterns_I", "DesignPatterns_I\DesignPatterns_I\DesignPatterns_I.csproj", "{04899354-2937-44A6-A690-8D9021B5845B}"
EndProject
Project("{FAE04EC0-301F-11D3-BF4B-00C04F79EFBC}") = "DesignPatterns_II", "DesignPatterns_II\DesignPatterns_II.csproj", "{7220C773-3BAA-48DD-8E11-309CCA5CC9C0}"
EndProject
Project("{FAE04EC0-301F-11D3-BF4B-00C04F79EFBC}") = "Solid", "SOLID\Solid\Solid.csproj", "{724DDF0E-2241-49B6-BFBE-0E701E714EB9}"
EndProject
Project("{FAE04EC0-301F-11D3-BF4B-00C04F79EFBC}") = "Caelum.Leilao", "Caelum.Leilao\Caelum.Leilao\Caelum.Leilao.csproj", "{698BC183-31DE-4100-BB66-BE9DB06F292F}"
EndProject
Global
	GlobalSection(SolutionConfigurationPlatforms) = preSolution
		Debug|Any CPU = Debug|Any CPU
		Release|Any CPU = Release|Any CPU
	EndGlobalSection
	GlobalSection(ProjectConfigurationPlatforms) = postSolution
		{04899354-2937-44A6-A690-8D9021B5845B}.Debug|Any CPU.ActiveCfg = Debug|Any CPU
		{04899354-2937-44A6-A690-8D9021B5845B}.Debug|Any CPU.Build.0 = Debug|Any CPU
		{04899354-2937-44A6-A690-8D9021B5845B}.Release|Any CPU.ActiveCfg = Release|Any CPU
		{04899354-2937-44A6-A690-8D9021B5845B}.Release|Any CPU.Build.0 = Release|Any CPU
		{7220C773-3BAA-48DD-8E11-309CCA5CC9C0}.Debug|Any CPU.ActiveCfg = Debug|Any CPU
		{7220C773-3BAA-48DD-8E11-309CCA5CC9C0}.Debug|Any CPU.Build.0 = Debug|Any CPU
		{7220C773-3BAA-48DD-8E11-309CCA5CC9C0}.Release|Any CPU.ActiveCfg = Release|Any CPU
		{7220C773-3BAA-48DD-8E11-309CCA5CC9C0}.Release|Any CPU.Build.0 = Release|Any CPU
		{724DDF0E-2241-49B6-BFBE-0E701E714EB9}.Debug|Any CPU.ActiveCfg = Debug|Any CPU
		{724DDF0E-2241-49B6-BFBE-0E701E714EB9}.Debug|Any CPU.Build.0 = Debug|Any CPU
		{724DDF0E-2241-49B6-BFBE-0E701E714EB9}.Release|Any CPU.ActiveCfg = Release|Any CPU
		{724DDF0E-2241-49B6-BFBE-0E701E714EB9}.Release|Any CPU.Build.0 = Release|Any CPU
		{698BC183-31DE-4100-BB66-BE9DB06F292F}.Debug|Any CPU.ActiveCfg = Debug|Any CPU
		{698BC183-31DE-4100-BB66-BE9DB06F292F}.Debug|Any CPU.Build.0 = Debug|Any CPU
		{698BC183-31DE-4100-BB66-BE9DB06F292F}.Release|Any CPU.ActiveCfg = Release|Any CPU
		{698BC183-31DE-4100-BB66-BE9DB06F292F}.Release|Any CPU.Build.0 = Release|Any CPU
	EndGlobalSection
	GlobalSection(SolutionProperties) = preSolution
		HideSolutionNode = FALSE
	EndGlobalSection
	GlobalSection(ExtensibilityGlobals) = postSolution
		SolutionGuid = {61911F29-1E56-461B-8400-16163CF776D8}
	EndGlobalSection
EndGlobal
